
Microsoft Visual Studio Solution File, Format Version 12.00
# Visual Studio Version 17
VisualStudioVersion = 17.3.32819.101
MinimumVisualStudioVersion = 10.0.40219.1
Project("{FAE04EC0-301F-11D3-BF4B-00C04F79EFBC}") = "HTML_to_PDF_WF", "HTML_to_PDF_WF\HTML_to_PDF_WF.csproj", "{1DD5AA32-E119-4CB2-8CDE-5E90DAACC245}"
EndProject
Global
	GlobalSection(SolutionConfigurationPlatforms) = preSolution
		Debug|Any CPU = Debug|Any CPU
		Release|Any CPU = Release|Any CPU
	EndGlobalSection
	GlobalSection(ProjectConfigurationPlatforms) = postSolution
		{1DD5AA32-E119-4CB2-8CDE-5E90DAACC245}.Debug|Any CPU.ActiveCfg = Debug|Any CPU
		{1DD5AA32-E119-4CB2-8CDE-5E90DAACC245}.Debug|Any CPU.Build.0 = Debug|Any CPU
		{1DD5AA32-E119-4CB2-8CDE-5E90DAACC245}.Release|Any CPU.ActiveCfg = Release|Any CPU
		{1DD5AA32-E119-4CB2-8CDE-5E90DAACC245}.Release|Any CPU.Build.0 = Release|Any CPU
	EndGlobalSection
	GlobalSection(SolutionProperties) = preSolution
		HideSolutionNode = FALSE
	EndGlobalSection
	GlobalSection(ExtensibilityGlobals) = postSolution
		SolutionGuid = {02385FDC-787F-43D7-849F-9BEF314C36CC}
	EndGlobalSection
EndGlobal
