
Microsoft Visual Studio Solution File, Format Version 12.00
# Visual Studio Version 17
VisualStudioVersion = 17.3.32819.101
MinimumVisualStudioVersion = 10.0.40219.1
Project("{FAE04EC0-301F-11D3-BF4B-00C04F79EFBC}") = "HTML_to_PDF_WPF", "HTML_to_PDF_WPF\HTML_to_PDF_WPF.csproj", "{F13F6DAF-A0E4-46E0-AF0B-6D4D722046C5}"
EndProject
Global
	GlobalSection(SolutionConfigurationPlatforms) = preSolution
		Debug|Any CPU = Debug|Any CPU
		Release|Any CPU = Release|Any CPU
	EndGlobalSection
	GlobalSection(ProjectConfigurationPlatforms) = postSolution
		{F13F6DAF-A0E4-46E0-AF0B-6D4D722046C5}.Debug|Any CPU.ActiveCfg = Debug|Any CPU
		{F13F6DAF-A0E4-46E0-AF0B-6D4D722046C5}.Debug|Any CPU.Build.0 = Debug|Any CPU
		{F13F6DAF-A0E4-46E0-AF0B-6D4D722046C5}.Release|Any CPU.ActiveCfg = Release|Any CPU
		{F13F6DAF-A0E4-46E0-AF0B-6D4D722046C5}.Release|Any CPU.Build.0 = Release|Any CPU
	EndGlobalSection
	GlobalSection(SolutionProperties) = preSolution
		HideSolutionNode = FALSE
	EndGlobalSection
	GlobalSection(ExtensibilityGlobals) = postSolution
		SolutionGuid = {D0D68FB4-C24A-43C0-A107-244CE056239B}
	EndGlobalSection
EndGlobal
