
Microsoft Visual Studio Solution File, Format Version 12.00
# Visual Studio Version 16
VisualStudioVersion = 16.0.32901.82
MinimumVisualStudioVersion = 10.0.40219.1
Project("{FAE04EC0-301F-11D3-BF4B-00C04F79EFBC}") = "HTML_to_PDF_docker", "HTML_to_PDF_docker\HTML_to_PDF_docker.csproj", "{11A3D8C2-99A9-4CA1-B215-37CDDEE7D799}"
EndProject
Global
	GlobalSection(SolutionConfigurationPlatforms) = preSolution
		Debug|Any CPU = Debug|Any CPU
		Release|Any CPU = Release|Any CPU
	EndGlobalSection
	GlobalSection(ProjectConfigurationPlatforms) = postSolution
		{11A3D8C2-99A9-4CA1-B215-37CDDEE7D799}.Debug|Any CPU.ActiveCfg = Debug|Any CPU
		{11A3D8C2-99A9-4CA1-B215-37CDDEE7D799}.Debug|Any CPU.Build.0 = Debug|Any CPU
		{11A3D8C2-99A9-4CA1-B215-37CDDEE7D799}.Release|Any CPU.ActiveCfg = Release|Any CPU
		{11A3D8C2-99A9-4CA1-B215-37CDDEE7D799}.Release|Any CPU.Build.0 = Release|Any CPU
	EndGlobalSection
	GlobalSection(SolutionProperties) = preSolution
		HideSolutionNode = FALSE
	EndGlobalSection
	GlobalSection(ExtensibilityGlobals) = postSolution
		SolutionGuid = {1C5370FD-5779-4D4C-BA10-E59F1C27DC21}
	EndGlobalSection
EndGlobal
