
Microsoft Visual Studio Solution File, Format Version 12.00
# Visual Studio Version 17
VisualStudioVersion = 17.10.34916.146
MinimumVisualStudioVersion = 10.0.40219.1
Project("{FAE04EC0-301F-11D3-BF4B-00C04F79EFBC}") = "Syncfusion_HTMLtoPDF", "Syncfusion_HTMLtoPDF.csproj", "{02031B6D-6142-4AE3-BB08-E111536F1131}"
EndProject
Global
	GlobalSection(SolutionConfigurationPlatforms) = preSolution
		Debug|Any CPU = Debug|Any CPU
		Release|Any CPU = Release|Any CPU
	EndGlobalSection
	GlobalSection(ProjectConfigurationPlatforms) = postSolution
		{02031B6D-6142-4AE3-BB08-E111536F1131}.Debug|Any CPU.ActiveCfg = Debug|Any CPU
		{02031B6D-6142-4AE3-BB08-E111536F1131}.Debug|Any CPU.Build.0 = Debug|Any CPU
		{02031B6D-6142-4AE3-BB08-E111536F1131}.Release|Any CPU.ActiveCfg = Release|Any CPU
		{02031B6D-6142-4AE3-BB08-E111536F1131}.Release|Any CPU.Build.0 = Release|Any CPU
	EndGlobalSection
	GlobalSection(SolutionProperties) = preSolution
		HideSolutionNode = FALSE
	EndGlobalSection
	GlobalSection(ExtensibilityGlobals) = postSolution
		SolutionGuid = {75287BD0-75CD-42F6-A03B-9F7B108D23D0}
	EndGlobalSection
EndGlobal
