
Microsoft Visual Studio Solution File, Format Version 12.00
# Visual Studio Version 17
VisualStudioVersion = 17.4.32916.344
MinimumVisualStudioVersion = 10.0.40219.1
Project("{9A19103F-16F7-4668-BE54-9A1E7A4F7556}") = "HTML_to_PDF_Lambda", "HTML_to_PDF_Lambda\HTML_to_PDF_Lambda.csproj", "{E14E9FE7-7DAF-43D4-B6B2-D2EF71954D04}"
EndProject
Global
	GlobalSection(SolutionConfigurationPlatforms) = preSolution
		Debug|Any CPU = Debug|Any CPU
		Release|Any CPU = Release|Any CPU
	EndGlobalSection
	GlobalSection(ProjectConfigurationPlatforms) = postSolution
		{E14E9FE7-7DAF-43D4-B6B2-D2EF71954D04}.Debug|Any CPU.ActiveCfg = Debug|Any CPU
		{E14E9FE7-7DAF-43D4-B6B2-D2EF71954D04}.Debug|Any CPU.Build.0 = Debug|Any CPU
		{E14E9FE7-7DAF-43D4-B6B2-D2EF71954D04}.Release|Any CPU.ActiveCfg = Release|Any CPU
		{E14E9FE7-7DAF-43D4-B6B2-D2EF71954D04}.Release|Any CPU.Build.0 = Release|Any CPU
	EndGlobalSection
	GlobalSection(SolutionProperties) = preSolution
		HideSolutionNode = FALSE
	EndGlobalSection
	GlobalSection(ExtensibilityGlobals) = postSolution
		SolutionGuid = {14C05104-19EF-4D9F-B017-5E7764005B7B}
	EndGlobalSection
EndGlobal
