
Microsoft Visual Studio Solution File, Format Version 12.00
# Visual Studio Version 17
VisualStudioVersion = 17.9.34622.214
MinimumVisualStudioVersion = 10.0.40219.1
Project("{FAE04EC0-301F-11D3-BF4B-00C04F79EFBC}") = "HTML_to_PDF_Azure_functions", "HTML_to_PDF_Azure_functions\HTML_to_PDF_Azure_functions.csproj", "{B865214A-4EB5-4A78-8C5E-2DDBBADA0265}"
EndProject
Global
	GlobalSection(SolutionConfigurationPlatforms) = preSolution
		Debug|Any CPU = Debug|Any CPU
		Release|Any CPU = Release|Any CPU
	EndGlobalSection
	GlobalSection(ProjectConfigurationPlatforms) = postSolution
		{B865214A-4EB5-4A78-8C5E-2DDBBADA0265}.Debug|Any CPU.ActiveCfg = Debug|Any CPU
		{B865214A-4EB5-4A78-8C5E-2DDBBADA0265}.Debug|Any CPU.Build.0 = Debug|Any CPU
		{B865214A-4EB5-4A78-8C5E-2DDBBADA0265}.Release|Any CPU.ActiveCfg = Release|Any CPU
		{B865214A-4EB5-4A78-8C5E-2DDBBADA0265}.Release|Any CPU.Build.0 = Release|Any CPU
	EndGlobalSection
	GlobalSection(SolutionProperties) = preSolution
		HideSolutionNode = FALSE
	EndGlobalSection
	GlobalSection(ExtensibilityGlobals) = postSolution
		SolutionGuid = {B2186101-8624-46F3-9754-46B7DCB83A52}
	EndGlobalSection
EndGlobal
