
Microsoft Visual Studio Solution File, Format Version 12.00
# Visual Studio Version 17
VisualStudioVersion = 17.3.32819.101
MinimumVisualStudioVersion = 10.0.40219.1
Project("{FAE04EC0-301F-11D3-BF4B-00C04F79EFBC}") = "HTML_to_PDF_MVC", "HTML_to_PDF_MVC\HTML_to_PDF_MVC.csproj", "{61D68854-C7C1-4ACF-9C76-BAADFC98C031}"
EndProject
Global
	GlobalSection(SolutionConfigurationPlatforms) = preSolution
		Debug|Any CPU = Debug|Any CPU
		Release|Any CPU = Release|Any CPU
	EndGlobalSection
	GlobalSection(ProjectConfigurationPlatforms) = postSolution
		{61D68854-C7C1-4ACF-9C76-BAADFC98C031}.Debug|Any CPU.ActiveCfg = Debug|Any CPU
		{61D68854-C7C1-4ACF-9C76-BAADFC98C031}.Debug|Any CPU.Build.0 = Debug|Any CPU
		{61D68854-C7C1-4ACF-9C76-BAADFC98C031}.Release|Any CPU.ActiveCfg = Release|Any CPU
		{61D68854-C7C1-4ACF-9C76-BAADFC98C031}.Release|Any CPU.Build.0 = Release|Any CPU
	EndGlobalSection
	GlobalSection(SolutionProperties) = preSolution
		HideSolutionNode = FALSE
	EndGlobalSection
	GlobalSection(ExtensibilityGlobals) = postSolution
		SolutionGuid = {532823A2-9200-476C-8498-4F1E0A304042}
	EndGlobalSection
EndGlobal
