
Microsoft Visual Studio Solution File, Format Version 12.00
# Visual Studio Version 17
VisualStudioVersion = 17.10.35004.147
MinimumVisualStudioVersion = 10.0.40219.1
Project("{FAE04EC0-301F-11D3-BF4B-00C04F79EFBC}") = "HTML-to-PDF-Azure-Functions", "HTML-to-PDF-Azure-Functions\HTML-to-PDF-Azure-Functions.csproj", "{F7041FB7-5791-44D2-98CD-783D4CCDC550}"
EndProject
Global
	GlobalSection(SolutionConfigurationPlatforms) = preSolution
		Debug|Any CPU = Debug|Any CPU
		Release|Any CPU = Release|Any CPU
	EndGlobalSection
	GlobalSection(ProjectConfigurationPlatforms) = postSolution
		{F7041FB7-5791-44D2-98CD-783D4CCDC550}.Debug|Any CPU.ActiveCfg = Debug|Any CPU
		{F7041FB7-5791-44D2-98CD-783D4CCDC550}.Debug|Any CPU.Build.0 = Debug|Any CPU
		{F7041FB7-5791-44D2-98CD-783D4CCDC550}.Release|Any CPU.ActiveCfg = Release|Any CPU
		{F7041FB7-5791-44D2-98CD-783D4CCDC550}.Release|Any CPU.Build.0 = Release|Any CPU
	EndGlobalSection
	GlobalSection(SolutionProperties) = preSolution
		HideSolutionNode = FALSE
	EndGlobalSection
	GlobalSection(ExtensibilityGlobals) = postSolution
		SolutionGuid = {E8DABD00-7513-4B03-B5BB-A5212F082EBF}
	EndGlobalSection
EndGlobal
