
Microsoft Visual Studio Solution File, Format Version 12.00
# Visual Studio Version 17
VisualStudioVersion = 17.10.35004.147
MinimumVisualStudioVersion = 10.0.40219.1
Project("{FAE04EC0-301F-11D3-BF4B-00C04F79EFBC}") = "HTML-to-PDF-Azure-Functions", "HTML-to-PDF-Azure-Functions\HTML-to-PDF-Azure-Functions.csproj", "{607C0DF5-CA6A-481C-BD55-2FA7AA8C6AFB}"
EndProject
Global
	GlobalSection(SolutionConfigurationPlatforms) = preSolution
		Debug|Any CPU = Debug|Any CPU
		Release|Any CPU = Release|Any CPU
	EndGlobalSection
	GlobalSection(ProjectConfigurationPlatforms) = postSolution
		{607C0DF5-CA6A-481C-BD55-2FA7AA8C6AFB}.Debug|Any CPU.ActiveCfg = Debug|Any CPU
		{607C0DF5-CA6A-481C-BD55-2FA7AA8C6AFB}.Debug|Any CPU.Build.0 = Debug|Any CPU
		{607C0DF5-CA6A-481C-BD55-2FA7AA8C6AFB}.Release|Any CPU.ActiveCfg = Release|Any CPU
		{607C0DF5-CA6A-481C-BD55-2FA7AA8C6AFB}.Release|Any CPU.Build.0 = Release|Any CPU
	EndGlobalSection
	GlobalSection(SolutionProperties) = preSolution
		HideSolutionNode = FALSE
	EndGlobalSection
	GlobalSection(ExtensibilityGlobals) = postSolution
		SolutionGuid = {9E96EB14-82BF-41D9-8B57-78D28B1324A4}
	EndGlobalSection
EndGlobal
